// !$*UTF8*$!
{
	archiveVersion = 1;
	classes = {
	};
	objectVersion = 55;
	objects = {

/* Begin PBXBuildFile section */
		06B102F2FA38966CCB7A9E42 /* Pods_Towy_Driver.framework in Frameworks */ = {isa = PBXBuildFile; fileRef = D0B1D87394302AD44A2A6A76 /* Pods_Towy_Driver.framework */; };
		523D6E2A2861F364006F8117 /* AllExtensions.swift in Sources */ = {isa = PBXBuildFile; fileRef = 523D6E292861F364006F8117 /* AllExtensions.swift */; };
		525361F128620E4C00DE2F4E /* Constants.swift in Sources */ = {isa = PBXBuildFile; fileRef = 525361F028620E4C00DE2F4E /* Constants.swift */; };
		525361F328620E6100DE2F4E /* AllLoaders.swift in Sources */ = {isa = PBXBuildFile; fileRef = 525361F228620E6100DE2F4E /* AllLoaders.swift */; };
		525361F528620E6F00DE2F4E /* UtilityManager.swift in Sources */ = {isa = PBXBuildFile; fileRef = 525361F428620E6E00DE2F4E /* UtilityManager.swift */; };
		525361F728620EA300DE2F4E /* UIView+layer.swift in Sources */ = {isa = PBXBuildFile; fileRef = 525361F628620EA300DE2F4E /* UIView+layer.swift */; };
		5266422B28605DF300167A6A /* Auth.storyboard in Resources */ = {isa = PBXBuildFile; fileRef = 5266422A28605DF300167A6A /* Auth.storyboard */; };
		5266422D28605E6100167A6A /* CustomSplashViewController.swift in Sources */ = {isa = PBXBuildFile; fileRef = 5266422C28605E6100167A6A /* CustomSplashViewController.swift */; };
		5266422F286063B300167A6A /* WelcomeViewController.swift in Sources */ = {isa = PBXBuildFile; fileRef = 5266422E286063B300167A6A /* WelcomeViewController.swift */; };
		52664231286063D300167A6A /* MobileNumberViewController.swift in Sources */ = {isa = PBXBuildFile; fileRef = 52664230286063D300167A6A /* MobileNumberViewController.swift */; };
		52664233286063DC00167A6A /* OtpViewController.swift in Sources */ = {isa = PBXBuildFile; fileRef = 52664232286063DC00167A6A /* OtpViewController.swift */; };
		52664235286063F400167A6A /* PasswordViewController.swift in Sources */ = {isa = PBXBuildFile; fileRef = 52664234286063F400167A6A /* PasswordViewController.swift */; };
		526642372860642300167A6A /* DriverDetailsViewController.swift in Sources */ = {isa = PBXBuildFile; fileRef = 526642362860642300167A6A /* DriverDetailsViewController.swift */; };
		526642392860648C00167A6A /* TermsAndConditionsViewController.swift in Sources */ = {isa = PBXBuildFile; fileRef = 526642382860648C00167A6A /* TermsAndConditionsViewController.swift */; };
		5266423B2860649B00167A6A /* AllSetViewController.swift in Sources */ = {isa = PBXBuildFile; fileRef = 5266423A2860649B00167A6A /* AllSetViewController.swift */; };
		5266423D286064DB00167A6A /* AccountTypeViewController.swift in Sources */ = {isa = PBXBuildFile; fileRef = 5266423C286064DB00167A6A /* AccountTypeViewController.swift */; };
		5266423F286064F800167A6A /* TruckTypeViewController.swift in Sources */ = {isa = PBXBuildFile; fileRef = 5266423E286064F800167A6A /* TruckTypeViewController.swift */; };
		526642412860671B00167A6A /* DocumentsViewController.swift in Sources */ = {isa = PBXBuildFile; fileRef = 526642402860671B00167A6A /* DocumentsViewController.swift */; };
		5266424328606FA200167A6A /* VehicleRegistrationBookViewController.swift in Sources */ = {isa = PBXBuildFile; fileRef = 5266424228606FA200167A6A /* VehicleRegistrationBookViewController.swift */; };
		5266424528606FD700167A6A /* WaitForApprovalViewController.swift in Sources */ = {isa = PBXBuildFile; fileRef = 5266424428606FD700167A6A /* WaitForApprovalViewController.swift */; };
		5266424728606FF700167A6A /* SignInViewController.swift in Sources */ = {isa = PBXBuildFile; fileRef = 5266424628606FF700167A6A /* SignInViewController.swift */; };
		526642492860700600167A6A /* ForgotPasswordViewController.swift in Sources */ = {isa = PBXBuildFile; fileRef = 526642482860700600167A6A /* ForgotPasswordViewController.swift */; };
		5266424B28607C6000167A6A /* BaseViewController.swift in Sources */ = {isa = PBXBuildFile; fileRef = 5266424A28607C6000167A6A /* BaseViewController.swift */; };
		528305AA285F888400D854A7 /* AppDelegate.swift in Sources */ = {isa = PBXBuildFile; fileRef = 528305A9285F888400D854A7 /* AppDelegate.swift */; };
		528305B1285F888400D854A7 /* Main.storyboard in Resources */ = {isa = PBXBuildFile; fileRef = 528305AF285F888400D854A7 /* Main.storyboard */; };
		528305B3285F888500D854A7 /* Assets.xcassets in Resources */ = {isa = PBXBuildFile; fileRef = 528305B2285F888500D854A7 /* Assets.xcassets */; };
		528305B6285F888500D854A7 /* LaunchScreen.storyboard in Resources */ = {isa = PBXBuildFile; fileRef = 528305B4285F888500D854A7 /* LaunchScreen.storyboard */; };
		528305C1285F888500D854A7 /* Towy_DriverTests.swift in Sources */ = {isa = PBXBuildFile; fileRef = 528305C0285F888500D854A7 /* Towy_DriverTests.swift */; };
		528305CB285F888600D854A7 /* Towy_DriverUITests.swift in Sources */ = {isa = PBXBuildFile; fileRef = 528305CA285F888600D854A7 /* Towy_DriverUITests.swift */; };
		528305CD285F888600D854A7 /* Towy_DriverUITestsLaunchTests.swift in Sources */ = {isa = PBXBuildFile; fileRef = 528305CC285F888600D854A7 /* Towy_DriverUITestsLaunchTests.swift */; };
		52B69CE3286A13DE00BC2FA4 /* UberMoveTextLight.otf in Resources */ = {isa = PBXBuildFile; fileRef = 52B69CDF286A13DD00BC2FA4 /* UberMoveTextLight.otf */; };
		52B69CE4286A13DE00BC2FA4 /* UberMoveTextRegular.otf in Resources */ = {isa = PBXBuildFile; fileRef = 52B69CE0286A13DD00BC2FA4 /* UberMoveTextRegular.otf */; };
		52B69CE5286A13DE00BC2FA4 /* UberMoveTextMedium.otf in Resources */ = {isa = PBXBuildFile; fileRef = 52B69CE1286A13DD00BC2FA4 /* UberMoveTextMedium.otf */; };
		52B69CE6286A13DE00BC2FA4 /* UberMoveTextBold.otf in Resources */ = {isa = PBXBuildFile; fileRef = 52B69CE2286A13DD00BC2FA4 /* UberMoveTextBold.otf */; };
		52B69CE8286A32B800BC2FA4 /* ServiceType.swift in Sources */ = {isa = PBXBuildFile; fileRef = 52B69CE7286A32B800BC2FA4 /* ServiceType.swift */; };
		52FDC7C328638C260075952C /* TruckTypeTableViewCell.swift in Sources */ = {isa = PBXBuildFile; fileRef = 52FDC7C128638C260075952C /* TruckTypeTableViewCell.swift */; };
		52FDC7C428638C260075952C /* TruckTypeTableViewCell.xib in Resources */ = {isa = PBXBuildFile; fileRef = 52FDC7C228638C260075952C /* TruckTypeTableViewCell.xib */; };
		52FDC7C72863A1D10075952C /* Document.swift in Sources */ = {isa = PBXBuildFile; fileRef = 52FDC7C62863A1D10075952C /* Document.swift */; };
		52FDC7C92863A2950075952C /* DocumentAddViewController.swift in Sources */ = {isa = PBXBuildFile; fileRef = 52FDC7C82863A2950075952C /* DocumentAddViewController.swift */; };
		68E75746A1CC2586F17A8A12 /* Pods_Towy_Driver_Towy_DriverUITests.framework in Frameworks */ = {isa = PBXBuildFile; fileRef = AF5FD86B7DE1EE1200F829ED /* Pods_Towy_Driver_Towy_DriverUITests.framework */; };
		6B02294D1C46DD17F11E4A93 /* Pods_Towy_DriverTests.framework in Frameworks */ = {isa = PBXBuildFile; fileRef = 2B4604BCF46DD826D1C3AFEB /* Pods_Towy_DriverTests.framework */; };
/* End PBXBuildFile section */

/* Begin PBXContainerItemProxy section */
		528305BD285F888500D854A7 /* PBXContainerItemProxy */ = {
			isa = PBXContainerItemProxy;
			containerPortal = 5283059E285F888400D854A7 /* Project object */;
			proxyType = 1;
			remoteGlobalIDString = 528305A5285F888400D854A7;
			remoteInfo = "Towy Driver";
		};
		528305C7285F888500D854A7 /* PBXContainerItemProxy */ = {
			isa = PBXContainerItemProxy;
			containerPortal = 5283059E285F888400D854A7 /* Project object */;
			proxyType = 1;
			remoteGlobalIDString = 528305A5285F888400D854A7;
			remoteInfo = "Towy Driver";
		};
/* End PBXContainerItemProxy section */

/* Begin PBXFileReference section */
		2B4604BCF46DD826D1C3AFEB /* Pods_Towy_DriverTests.framework */ = {isa = PBXFileReference; explicitFileType = wrapper.framework; includeInIndex = 0; path = Pods_Towy_DriverTests.framework; sourceTree = BUILT_PRODUCTS_DIR; };
		523D6E292861F364006F8117 /* AllExtensions.swift */ = {isa = PBXFileReference; fileEncoding = 4; lastKnownFileType = sourcecode.swift; path = AllExtensions.swift; sourceTree = "<group>"; };
		525361F028620E4C00DE2F4E /* Constants.swift */ = {isa = PBXFileReference; fileEncoding = 4; lastKnownFileType = sourcecode.swift; path = Constants.swift; sourceTree = "<group>"; };
		525361F228620E6100DE2F4E /* AllLoaders.swift */ = {isa = PBXFileReference; fileEncoding = 4; lastKnownFileType = sourcecode.swift; path = AllLoaders.swift; sourceTree = "<group>"; };
		525361F428620E6E00DE2F4E /* UtilityManager.swift */ = {isa = PBXFileReference; fileEncoding = 4; lastKnownFileType = sourcecode.swift; path = UtilityManager.swift; sourceTree = "<group>"; };
		525361F628620EA300DE2F4E /* UIView+layer.swift */ = {isa = PBXFileReference; fileEncoding = 4; lastKnownFileType = sourcecode.swift; path = "UIView+layer.swift"; sourceTree = "<group>"; };
		5266422A28605DF300167A6A /* Auth.storyboard */ = {isa = PBXFileReference; lastKnownFileType = file.storyboard; path = Auth.storyboard; sourceTree = "<group>"; };
		5266422C28605E6100167A6A /* CustomSplashViewController.swift */ = {isa = PBXFileReference; lastKnownFileType = sourcecode.swift; path = CustomSplashViewController.swift; sourceTree = "<group>"; };
		5266422E286063B300167A6A /* WelcomeViewController.swift */ = {isa = PBXFileReference; lastKnownFileType = sourcecode.swift; path = WelcomeViewController.swift; sourceTree = "<group>"; };
		52664230286063D300167A6A /* MobileNumberViewController.swift */ = {isa = PBXFileReference; lastKnownFileType = sourcecode.swift; path = MobileNumberViewController.swift; sourceTree = "<group>"; };
		52664232286063DC00167A6A /* OtpViewController.swift */ = {isa = PBXFileReference; lastKnownFileType = sourcecode.swift; path = OtpViewController.swift; sourceTree = "<group>"; };
		52664234286063F400167A6A /* PasswordViewController.swift */ = {isa = PBXFileReference; lastKnownFileType = sourcecode.swift; path = PasswordViewController.swift; sourceTree = "<group>"; };
		526642362860642300167A6A /* DriverDetailsViewController.swift */ = {isa = PBXFileReference; lastKnownFileType = sourcecode.swift; path = DriverDetailsViewController.swift; sourceTree = "<group>"; };
		526642382860648C00167A6A /* TermsAndConditionsViewController.swift */ = {isa = PBXFileReference; lastKnownFileType = sourcecode.swift; path = TermsAndConditionsViewController.swift; sourceTree = "<group>"; };
		5266423A2860649B00167A6A /* AllSetViewController.swift */ = {isa = PBXFileReference; lastKnownFileType = sourcecode.swift; path = AllSetViewController.swift; sourceTree = "<group>"; };
		5266423C286064DB00167A6A /* AccountTypeViewController.swift */ = {isa = PBXFileReference; lastKnownFileType = sourcecode.swift; path = AccountTypeViewController.swift; sourceTree = "<group>"; };
		5266423E286064F800167A6A /* TruckTypeViewController.swift */ = {isa = PBXFileReference; lastKnownFileType = sourcecode.swift; path = TruckTypeViewController.swift; sourceTree = "<group>"; };
		526642402860671B00167A6A /* DocumentsViewController.swift */ = {isa = PBXFileReference; lastKnownFileType = sourcecode.swift; path = DocumentsViewController.swift; sourceTree = "<group>"; };
		5266424228606FA200167A6A /* VehicleRegistrationBookViewController.swift */ = {isa = PBXFileReference; lastKnownFileType = sourcecode.swift; path = VehicleRegistrationBookViewController.swift; sourceTree = "<group>"; };
		5266424428606FD700167A6A /* WaitForApprovalViewController.swift */ = {isa = PBXFileReference; lastKnownFileType = sourcecode.swift; path = WaitForApprovalViewController.swift; sourceTree = "<group>"; };
		5266424628606FF700167A6A /* SignInViewController.swift */ = {isa = PBXFileReference; lastKnownFileType = sourcecode.swift; path = SignInViewController.swift; sourceTree = "<group>"; };
		526642482860700600167A6A /* ForgotPasswordViewController.swift */ = {isa = PBXFileReference; lastKnownFileType = sourcecode.swift; path = ForgotPasswordViewController.swift; sourceTree = "<group>"; };
		5266424A28607C6000167A6A /* BaseViewController.swift */ = {isa = PBXFileReference; lastKnownFileType = sourcecode.swift; path = BaseViewController.swift; sourceTree = "<group>"; };
		528305A6285F888400D854A7 /* Towy Driver.app */ = {isa = PBXFileReference; explicitFileType = wrapper.application; includeInIndex = 0; path = "Towy Driver.app"; sourceTree = BUILT_PRODUCTS_DIR; };
		528305A9285F888400D854A7 /* AppDelegate.swift */ = {isa = PBXFileReference; lastKnownFileType = sourcecode.swift; path = AppDelegate.swift; sourceTree = "<group>"; };
		528305B0285F888400D854A7 /* Base */ = {isa = PBXFileReference; lastKnownFileType = file.storyboard; name = Base; path = Base.lproj/Main.storyboard; sourceTree = "<group>"; };
		528305B2285F888500D854A7 /* Assets.xcassets */ = {isa = PBXFileReference; lastKnownFileType = folder.assetcatalog; path = Assets.xcassets; sourceTree = "<group>"; };
		528305B5285F888500D854A7 /* Base */ = {isa = PBXFileReference; lastKnownFileType = file.storyboard; name = Base; path = Base.lproj/LaunchScreen.storyboard; sourceTree = "<group>"; };
		528305B7285F888500D854A7 /* Info.plist */ = {isa = PBXFileReference; lastKnownFileType = text.plist.xml; path = Info.plist; sourceTree = "<group>"; };
		528305BC285F888500D854A7 /* Towy DriverTests.xctest */ = {isa = PBXFileReference; explicitFileType = wrapper.cfbundle; includeInIndex = 0; path = "Towy DriverTests.xctest"; sourceTree = BUILT_PRODUCTS_DIR; };
		528305C0285F888500D854A7 /* Towy_DriverTests.swift */ = {isa = PBXFileReference; lastKnownFileType = sourcecode.swift; path = Towy_DriverTests.swift; sourceTree = "<group>"; };
		528305C6285F888500D854A7 /* Towy DriverUITests.xctest */ = {isa = PBXFileReference; explicitFileType = wrapper.cfbundle; includeInIndex = 0; path = "Towy DriverUITests.xctest"; sourceTree = BUILT_PRODUCTS_DIR; };
		528305CA285F888600D854A7 /* Towy_DriverUITests.swift */ = {isa = PBXFileReference; lastKnownFileType = sourcecode.swift; path = Towy_DriverUITests.swift; sourceTree = "<group>"; };
		528305CC285F888600D854A7 /* Towy_DriverUITestsLaunchTests.swift */ = {isa = PBXFileReference; lastKnownFileType = sourcecode.swift; path = Towy_DriverUITestsLaunchTests.swift; sourceTree = "<group>"; };
		52B69CDF286A13DD00BC2FA4 /* UberMoveTextLight.otf */ = {isa = PBXFileReference; lastKnownFileType = file; path = UberMoveTextLight.otf; sourceTree = "<group>"; };
		52B69CE0286A13DD00BC2FA4 /* UberMoveTextRegular.otf */ = {isa = PBXFileReference; lastKnownFileType = file; path = UberMoveTextRegular.otf; sourceTree = "<group>"; };
		52B69CE1286A13DD00BC2FA4 /* UberMoveTextMedium.otf */ = {isa = PBXFileReference; lastKnownFileType = file; path = UberMoveTextMedium.otf; sourceTree = "<group>"; };
		52B69CE2286A13DD00BC2FA4 /* UberMoveTextBold.otf */ = {isa = PBXFileReference; lastKnownFileType = file; path = UberMoveTextBold.otf; sourceTree = "<group>"; };
		52B69CE7286A32B800BC2FA4 /* ServiceType.swift */ = {isa = PBXFileReference; lastKnownFileType = sourcecode.swift; path = ServiceType.swift; sourceTree = "<group>"; };
		52FDC7C128638C260075952C /* TruckTypeTableViewCell.swift */ = {isa = PBXFileReference; lastKnownFileType = sourcecode.swift; path = TruckTypeTableViewCell.swift; sourceTree = "<group>"; };
		52FDC7C228638C260075952C /* TruckTypeTableViewCell.xib */ = {isa = PBXFileReference; lastKnownFileType = file.xib; path = TruckTypeTableViewCell.xib; sourceTree = "<group>"; };
		52FDC7C62863A1D10075952C /* Document.swift */ = {isa = PBXFileReference; lastKnownFileType = sourcecode.swift; path = Document.swift; sourceTree = "<group>"; };
		52FDC7C82863A2950075952C /* DocumentAddViewController.swift */ = {isa = PBXFileReference; lastKnownFileType = sourcecode.swift; path = DocumentAddViewController.swift; sourceTree = "<group>"; };
		5F544903607D2BCB15627A9D /* Pods-Towy Driver-Towy DriverUITests.debug.xcconfig */ = {isa = PBXFileReference; includeInIndex = 1; lastKnownFileType = text.xcconfig; name = "Pods-Towy Driver-Towy DriverUITests.debug.xcconfig"; path = "Target Support Files/Pods-Towy Driver-Towy DriverUITests/Pods-Towy Driver-Towy DriverUITests.debug.xcconfig"; sourceTree = "<group>"; };
		8BA2404C3E34F3EE2F182E2B /* Pods-Towy Driver.debug.xcconfig */ = {isa = PBXFileReference; includeInIndex = 1; lastKnownFileType = text.xcconfig; name = "Pods-Towy Driver.debug.xcconfig"; path = "Target Support Files/Pods-Towy Driver/Pods-Towy Driver.debug.xcconfig"; sourceTree = "<group>"; };
		9178B3008151F57F93D4431F /* Pods-Towy Driver-Towy DriverUITests.release.xcconfig */ = {isa = PBXFileReference; includeInIndex = 1; lastKnownFileType = text.xcconfig; name = "Pods-Towy Driver-Towy DriverUITests.release.xcconfig"; path = "Target Support Files/Pods-Towy Driver-Towy DriverUITests/Pods-Towy Driver-Towy DriverUITests.release.xcconfig"; sourceTree = "<group>"; };
		AF5FD86B7DE1EE1200F829ED /* Pods_Towy_Driver_Towy_DriverUITests.framework */ = {isa = PBXFileReference; explicitFileType = wrapper.framework; includeInIndex = 0; path = Pods_Towy_Driver_Towy_DriverUITests.framework; sourceTree = BUILT_PRODUCTS_DIR; };
		D0B1D87394302AD44A2A6A76 /* Pods_Towy_Driver.framework */ = {isa = PBXFileReference; explicitFileType = wrapper.framework; includeInIndex = 0; path = Pods_Towy_Driver.framework; sourceTree = BUILT_PRODUCTS_DIR; };
		E6B6B92893D3A702D8C5F706 /* Pods-Towy Driver.release.xcconfig */ = {isa = PBXFileReference; includeInIndex = 1; lastKnownFileType = text.xcconfig; name = "Pods-Towy Driver.release.xcconfig"; path = "Target Support Files/Pods-Towy Driver/Pods-Towy Driver.release.xcconfig"; sourceTree = "<group>"; };
		F1534CC38958B172232EE0D0 /* Pods-Towy DriverTests.release.xcconfig */ = {isa = PBXFileReference; includeInIndex = 1; lastKnownFileType = text.xcconfig; name = "Pods-Towy DriverTests.release.xcconfig"; path = "Target Support Files/Pods-Towy DriverTests/Pods-Towy DriverTests.release.xcconfig"; sourceTree = "<group>"; };
		FB2FC62B7D63AADD5DD34D90 /* Pods-Towy DriverTests.debug.xcconfig */ = {isa = PBXFileReference; includeInIndex = 1; lastKnownFileType = text.xcconfig; name = "Pods-Towy DriverTests.debug.xcconfig"; path = "Target Support Files/Pods-Towy DriverTests/Pods-Towy DriverTests.debug.xcconfig"; sourceTree = "<group>"; };
/* End PBXFileReference section */

/* Begin PBXFrameworksBuildPhase section */
		528305A3285F888400D854A7 /* Frameworks */ = {
			isa = PBXFrameworksBuildPhase;
			buildActionMask = 2147483647;
			files = (
				06B102F2FA38966CCB7A9E42 /* Pods_Towy_Driver.framework in Frameworks */,
			);
			runOnlyForDeploymentPostprocessing = 0;
		};
		528305B9285F888500D854A7 /* Frameworks */ = {
			isa = PBXFrameworksBuildPhase;
			buildActionMask = 2147483647;
			files = (
				6B02294D1C46DD17F11E4A93 /* Pods_Towy_DriverTests.framework in Frameworks */,
			);
			runOnlyForDeploymentPostprocessing = 0;
		};
		528305C3285F888500D854A7 /* Frameworks */ = {
			isa = PBXFrameworksBuildPhase;
			buildActionMask = 2147483647;
			files = (
				68E75746A1CC2586F17A8A12 /* Pods_Towy_Driver_Towy_DriverUITests.framework in Frameworks */,
			);
			runOnlyForDeploymentPostprocessing = 0;
		};
/* End PBXFrameworksBuildPhase section */

/* Begin PBXGroup section */
		3DC232C80A544B50934BF289 /* Frameworks */ = {
			isa = PBXGroup;
			children = (
				D0B1D87394302AD44A2A6A76 /* Pods_Towy_Driver.framework */,
				AF5FD86B7DE1EE1200F829ED /* Pods_Towy_Driver_Towy_DriverUITests.framework */,
				2B4604BCF46DD826D1C3AFEB /* Pods_Towy_DriverTests.framework */,
			);
			name = Frameworks;
			sourceTree = "<group>";
		};
		5283059D285F888400D854A7 = {
			isa = PBXGroup;
			children = (
				528305A8285F888400D854A7 /* Towy Driver */,
				528305BF285F888500D854A7 /* Towy DriverTests */,
				528305C9285F888600D854A7 /* Towy DriverUITests */,
				528305A7285F888400D854A7 /* Products */,
				5D2A2C8CFD0C361DE67A3692 /* Pods */,
				3DC232C80A544B50934BF289 /* Frameworks */,
			);
			sourceTree = "<group>";
		};
		528305A7285F888400D854A7 /* Products */ = {
			isa = PBXGroup;
			children = (
				528305A6285F888400D854A7 /* Towy Driver.app */,
				528305BC285F888500D854A7 /* Towy DriverTests.xctest */,
				528305C6285F888500D854A7 /* Towy DriverUITests.xctest */,
			);
			name = Products;
			sourceTree = "<group>";
		};
		528305A8285F888400D854A7 /* Towy Driver */ = {
			isa = PBXGroup;
			children = (
				52FDC7C52863A1C30075952C /* Models */,
				528305E0285F89E400D854A7 /* Fonts */,
				528305DF285F89C300D854A7 /* Appdelegate */,
				528305DD285F899000D854A7 /* CustomClasses */,
				528305DC285F897C00D854A7 /* HelpingClasses */,
				528305DB285F894900D854A7 /* CustomCells */,
				528305DA285F893B00D854A7 /* Assets */,
				528305DE285F89B500D854A7 /* Views */,
				528305D9285F892600D854A7 /* ViewControllers */,
				528305B4285F888500D854A7 /* LaunchScreen.storyboard */,
				528305B7285F888500D854A7 /* Info.plist */,
			);
			path = "Towy Driver";
			sourceTree = "<group>";
		};
		528305BF285F888500D854A7 /* Towy DriverTests */ = {
			isa = PBXGroup;
			children = (
				528305C0285F888500D854A7 /* Towy_DriverTests.swift */,
			);
			path = "Towy DriverTests";
			sourceTree = "<group>";
		};
		528305C9285F888600D854A7 /* Towy DriverUITests */ = {
			isa = PBXGroup;
			children = (
				528305CA285F888600D854A7 /* Towy_DriverUITests.swift */,
				528305CC285F888600D854A7 /* Towy_DriverUITestsLaunchTests.swift */,
			);
			path = "Towy DriverUITests";
			sourceTree = "<group>";
		};
		528305D9285F892600D854A7 /* ViewControllers */ = {
			isa = PBXGroup;
			children = (
				528305E2285F8A3E00D854A7 /* Dashborad */,
				528305E1285F8A2100D854A7 /* Auth */,
				5266424A28607C6000167A6A /* BaseViewController.swift */,
			);
			path = ViewControllers;
			sourceTree = "<group>";
		};
		528305DA285F893B00D854A7 /* Assets */ = {
			isa = PBXGroup;
			children = (
				528305B2285F888500D854A7 /* Assets.xcassets */,
			);
			path = Assets;
			sourceTree = "<group>";
		};
		528305DB285F894900D854A7 /* CustomCells */ = {
			isa = PBXGroup;
			children = (
				52FDC7C128638C260075952C /* TruckTypeTableViewCell.swift */,
				52FDC7C228638C260075952C /* TruckTypeTableViewCell.xib */,
			);
			path = CustomCells;
			sourceTree = "<group>";
		};
		528305DC285F897C00D854A7 /* HelpingClasses */ = {
			isa = PBXGroup;
			children = (
				523D6E292861F364006F8117 /* AllExtensions.swift */,
				525361F028620E4C00DE2F4E /* Constants.swift */,
				525361F228620E6100DE2F4E /* AllLoaders.swift */,
				525361F428620E6E00DE2F4E /* UtilityManager.swift */,
				525361F628620EA300DE2F4E /* UIView+layer.swift */,
			);
			path = HelpingClasses;
			sourceTree = "<group>";
		};
		528305DD285F899000D854A7 /* CustomClasses */ = {
			isa = PBXGroup;
			children = (
			);
			path = CustomClasses;
			sourceTree = "<group>";
		};
		528305DE285F89B500D854A7 /* Views */ = {
			isa = PBXGroup;
			children = (
				528305AF285F888400D854A7 /* Main.storyboard */,
				5266422A28605DF300167A6A /* Auth.storyboard */,
			);
			path = Views;
			sourceTree = "<group>";
		};
		528305DF285F89C300D854A7 /* Appdelegate */ = {
			isa = PBXGroup;
			children = (
				528305A9285F888400D854A7 /* AppDelegate.swift */,
			);
			path = Appdelegate;
			sourceTree = "<group>";
		};
		528305E0285F89E400D854A7 /* Fonts */ = {
			isa = PBXGroup;
			children = (
				52B69CE2286A13DD00BC2FA4 /* UberMoveTextBold.otf */,
				52B69CDF286A13DD00BC2FA4 /* UberMoveTextLight.otf */,
				52B69CE1286A13DD00BC2FA4 /* UberMoveTextMedium.otf */,
				52B69CE0286A13DD00BC2FA4 /* UberMoveTextRegular.otf */,
			);
			path = Fonts;
			sourceTree = "<group>";
		};
		528305E1285F8A2100D854A7 /* Auth */ = {
			isa = PBXGroup;
			children = (
				5266422C28605E6100167A6A /* CustomSplashViewController.swift */,
				5266422E286063B300167A6A /* WelcomeViewController.swift */,
				52664230286063D300167A6A /* MobileNumberViewController.swift */,
				52664232286063DC00167A6A /* OtpViewController.swift */,
				52664234286063F400167A6A /* PasswordViewController.swift */,
				526642362860642300167A6A /* DriverDetailsViewController.swift */,
				526642382860648C00167A6A /* TermsAndConditionsViewController.swift */,
				5266423A2860649B00167A6A /* AllSetViewController.swift */,
				5266423C286064DB00167A6A /* AccountTypeViewController.swift */,
				5266423E286064F800167A6A /* TruckTypeViewController.swift */,
				526642402860671B00167A6A /* DocumentsViewController.swift */,
				5266424228606FA200167A6A /* VehicleRegistrationBookViewController.swift */,
				5266424428606FD700167A6A /* WaitForApprovalViewController.swift */,
				5266424628606FF700167A6A /* SignInViewController.swift */,
				526642482860700600167A6A /* ForgotPasswordViewController.swift */,
				52FDC7C82863A2950075952C /* DocumentAddViewController.swift */,
			);
			path = Auth;
			sourceTree = "<group>";
		};
		528305E2285F8A3E00D854A7 /* Dashborad */ = {
			isa = PBXGroup;
			children = (
			);
			path = Dashborad;
			sourceTree = "<group>";
		};
		52FDC7C52863A1C30075952C /* Models */ = {
			isa = PBXGroup;
			children = (
				52FDC7C62863A1D10075952C /* Document.swift */,
				52B69CE7286A32B800BC2FA4 /* ServiceType.swift */,
			);
			path = Models;
			sourceTree = "<group>";
		};
		5D2A2C8CFD0C361DE67A3692 /* Pods */ = {
			isa = PBXGroup;
			children = (
				8BA2404C3E34F3EE2F182E2B /* Pods-Towy Driver.debug.xcconfig */,
				E6B6B92893D3A702D8C5F706 /* Pods-Towy Driver.release.xcconfig */,
				5F544903607D2BCB15627A9D /* Pods-Towy Driver-Towy DriverUITests.debug.xcconfig */,
				9178B3008151F57F93D4431F /* Pods-Towy Driver-Towy DriverUITests.release.xcconfig */,
				FB2FC62B7D63AADD5DD34D90 /* Pods-Towy DriverTests.debug.xcconfig */,
				F1534CC38958B172232EE0D0 /* Pods-Towy DriverTests.release.xcconfig */,
			);
			path = Pods;
			sourceTree = "<group>";
		};
/* End PBXGroup section */

/* Begin PBXNativeTarget section */
		528305A5285F888400D854A7 /* Towy Driver */ = {
			isa = PBXNativeTarget;
			buildConfigurationList = 528305D0285F888600D854A7 /* Build configuration list for PBXNativeTarget "Towy Driver" */;
			buildPhases = (
				03E4A665062B1EAF96ABF277 /* [CP] Check Pods Manifest.lock */,
				528305A2285F888400D854A7 /* Sources */,
				528305A3285F888400D854A7 /* Frameworks */,
				528305A4285F888400D854A7 /* Resources */,
				9E41021B86FEECF867B9FAA8 /* [CP] Embed Pods Frameworks */,
			);
			buildRules = (
			);
			dependencies = (
			);
			name = "Towy Driver";
			productName = "Towy Driver";
			productReference = 528305A6285F888400D854A7 /* Towy Driver.app */;
			productType = "com.apple.product-type.application";
		};
		528305BB285F888500D854A7 /* Towy DriverTests */ = {
			isa = PBXNativeTarget;
			buildConfigurationList = 528305D3285F888600D854A7 /* Build configuration list for PBXNativeTarget "Towy DriverTests" */;
			buildPhases = (
				1154211CA3CAF4E8DEDDCA56 /* [CP] Check Pods Manifest.lock */,
				528305B8285F888500D854A7 /* Sources */,
				528305B9285F888500D854A7 /* Frameworks */,
				528305BA285F888500D854A7 /* Resources */,
			);
			buildRules = (
			);
			dependencies = (
				528305BE285F888500D854A7 /* PBXTargetDependency */,
			);
			name = "Towy DriverTests";
			productName = "Towy DriverTests";
			productReference = 528305BC285F888500D854A7 /* Towy DriverTests.xctest */;
			productType = "com.apple.product-type.bundle.unit-test";
		};
		528305C5285F888500D854A7 /* Towy DriverUITests */ = {
			isa = PBXNativeTarget;
			buildConfigurationList = 528305D6285F888600D854A7 /* Build configuration list for PBXNativeTarget "Towy DriverUITests" */;
			buildPhases = (
				5DD63840234D04DDE9692637 /* [CP] Check Pods Manifest.lock */,
				528305C2285F888500D854A7 /* Sources */,
				528305C3285F888500D854A7 /* Frameworks */,
				528305C4285F888500D854A7 /* Resources */,
				500A5DEBDF2D374E894B8141 /* [CP] Embed Pods Frameworks */,
			);
			buildRules = (
			);
			dependencies = (
				528305C8285F888500D854A7 /* PBXTargetDependency */,
			);
			name = "Towy DriverUITests";
			productName = "Towy DriverUITests";
			productReference = 528305C6285F888500D854A7 /* Towy DriverUITests.xctest */;
			productType = "com.apple.product-type.bundle.ui-testing";
		};
/* End PBXNativeTarget section */

/* Begin PBXProject section */
		5283059E285F888400D854A7 /* Project object */ = {
			isa = PBXProject;
			attributes = {
				BuildIndependentTargetsInParallel = 1;
				LastSwiftUpdateCheck = 1300;
				LastUpgradeCheck = 1300;
				TargetAttributes = {
					528305A5285F888400D854A7 = {
						CreatedOnToolsVersion = 13.0;
					};
					528305BB285F888500D854A7 = {
						CreatedOnToolsVersion = 13.0;
						TestTargetID = 528305A5285F888400D854A7;
					};
					528305C5285F888500D854A7 = {
						CreatedOnToolsVersion = 13.0;
						TestTargetID = 528305A5285F888400D854A7;
					};
				};
			};
			buildConfigurationList = 528305A1285F888400D854A7 /* Build configuration list for PBXProject "Towy Driver" */;
			compatibilityVersion = "Xcode 13.0";
			developmentRegion = en;
			hasScannedForEncodings = 0;
			knownRegions = (
				en,
				Base,
			);
			mainGroup = 5283059D285F888400D854A7;
			productRefGroup = 528305A7285F888400D854A7 /* Products */;
			projectDirPath = "";
			projectRoot = "";
			targets = (
				528305A5285F888400D854A7 /* Towy Driver */,
				528305BB285F888500D854A7 /* Towy DriverTests */,
				528305C5285F888500D854A7 /* Towy DriverUITests */,
			);
		};
/* End PBXProject section */

/* Begin PBXResourcesBuildPhase section */
		528305A4285F888400D854A7 /* Resources */ = {
			isa = PBXResourcesBuildPhase;
			buildActionMask = 2147483647;
			files = (
				52B69CE5286A13DE00BC2FA4 /* UberMoveTextMedium.otf in Resources */,
				52FDC7C428638C260075952C /* TruckTypeTableViewCell.xib in Resources */,
				52B69CE6286A13DE00BC2FA4 /* UberMoveTextBold.otf in Resources */,
				52B69CE4286A13DE00BC2FA4 /* UberMoveTextRegular.otf in Resources */,
				5266422B28605DF300167A6A /* Auth.storyboard in Resources */,
				52B69CE3286A13DE00BC2FA4 /* UberMoveTextLight.otf in Resources */,
				528305B6285F888500D854A7 /* LaunchScreen.storyboard in Resources */,
				528305B3285F888500D854A7 /* Assets.xcassets in Resources */,
				528305B1285F888400D854A7 /* Main.storyboard in Resources */,
			);
			runOnlyForDeploymentPostprocessing = 0;
		};
		528305BA285F888500D854A7 /* Resources */ = {
			isa = PBXResourcesBuildPhase;
			buildActionMask = 2147483647;
			files = (
			);
			runOnlyForDeploymentPostprocessing = 0;
		};
		528305C4285F888500D854A7 /* Resources */ = {
			isa = PBXResourcesBuildPhase;
			buildActionMask = 2147483647;
			files = (
			);
			runOnlyForDeploymentPostprocessing = 0;
		};
/* End PBXResourcesBuildPhase section */

/* Begin PBXShellScriptBuildPhase section */
		03E4A665062B1EAF96ABF277 /* [CP] Check Pods Manifest.lock */ = {
			isa = PBXShellScriptBuildPhase;
			buildActionMask = 2147483647;
			files = (
			);
			inputFileListPaths = (
			);
			inputPaths = (
				"${PODS_PODFILE_DIR_PATH}/Podfile.lock",
				"${PODS_ROOT}/Manifest.lock",
			);
			name = "[CP] Check Pods Manifest.lock";
			outputFileListPaths = (
			);
			outputPaths = (
				"$(DERIVED_FILE_DIR)/Pods-Towy Driver-checkManifestLockResult.txt",
			);
			runOnlyForDeploymentPostprocessing = 0;
			shellPath = /bin/sh;
			shellScript = "diff \"${PODS_PODFILE_DIR_PATH}/Podfile.lock\" \"${PODS_ROOT}/Manifest.lock\" > /dev/null\nif [ $? != 0 ] ; then\n    # print error to STDERR\n    echo \"error: The sandbox is not in sync with the Podfile.lock. Run 'pod install' or update your CocoaPods installation.\" >&2\n    exit 1\nfi\n# This output is used by Xcode 'outputs' to avoid re-running this script phase.\necho \"SUCCESS\" > \"${SCRIPT_OUTPUT_FILE_0}\"\n";
			showEnvVarsInLog = 0;
		};
		1154211CA3CAF4E8DEDDCA56 /* [CP] Check Pods Manifest.lock */ = {
			isa = PBXShellScriptBuildPhase;
			buildActionMask = 2147483647;
			files = (
			);
			inputFileListPaths = (
			);
			inputPaths = (
				"${PODS_PODFILE_DIR_PATH}/Podfile.lock",
				"${PODS_ROOT}/Manifest.lock",
			);
			name = "[CP] Check Pods Manifest.lock";
			outputFileListPaths = (
			);
			outputPaths = (
				"$(DERIVED_FILE_DIR)/Pods-Towy DriverTests-checkManifestLockResult.txt",
			);
			runOnlyForDeploymentPostprocessing = 0;
			shellPath = /bin/sh;
			shellScript = "diff \"${PODS_PODFILE_DIR_PATH}/Podfile.lock\" \"${PODS_ROOT}/Manifest.lock\" > /dev/null\nif [ $? != 0 ] ; then\n    # print error to STDERR\n    echo \"error: The sandbox is not in sync with the Podfile.lock. Run 'pod install' or update your CocoaPods installation.\" >&2\n    exit 1\nfi\n# This output is used by Xcode 'outputs' to avoid re-running this script phase.\necho \"SUCCESS\" > \"${SCRIPT_OUTPUT_FILE_0}\"\n";
			showEnvVarsInLog = 0;
		};
		500A5DEBDF2D374E894B8141 /* [CP] Embed Pods Frameworks */ = {
			isa = PBXShellScriptBuildPhase;
			buildActionMask = 2147483647;
			files = (
			);
			inputFileListPaths = (
				"${PODS_ROOT}/Target Support Files/Pods-Towy Driver-Towy DriverUITests/Pods-Towy Driver-Towy DriverUITests-frameworks-${CONFIGURATION}-input-files.xcfilelist",
			);
			name = "[CP] Embed Pods Frameworks";
			outputFileListPaths = (
				"${PODS_ROOT}/Target Support Files/Pods-Towy Driver-Towy DriverUITests/Pods-Towy Driver-Towy DriverUITests-frameworks-${CONFIGURATION}-output-files.xcfilelist",
			);
			runOnlyForDeploymentPostprocessing = 0;
			shellPath = /bin/sh;
			shellScript = "\"${PODS_ROOT}/Target Support Files/Pods-Towy Driver-Towy DriverUITests/Pods-Towy Driver-Towy DriverUITests-frameworks.sh\"\n";
			showEnvVarsInLog = 0;
		};
		5DD63840234D04DDE9692637 /* [CP] Check Pods Manifest.lock */ = {
			isa = PBXShellScriptBuildPhase;
			buildActionMask = 2147483647;
			files = (
			);
			inputFileListPaths = (
			);
			inputPaths = (
				"${PODS_PODFILE_DIR_PATH}/Podfile.lock",
				"${PODS_ROOT}/Manifest.lock",
			);
			name = "[CP] Check Pods Manifest.lock";
			outputFileListPaths = (
			);
			outputPaths = (
				"$(DERIVED_FILE_DIR)/Pods-Towy Driver-Towy DriverUITests-checkManifestLockResult.txt",
			);
			runOnlyForDeploymentPostprocessing = 0;
			shellPath = /bin/sh;
			shellScript = "diff \"${PODS_PODFILE_DIR_PATH}/Podfile.lock\" \"${PODS_ROOT}/Manifest.lock\" > /dev/null\nif [ $? != 0 ] ; then\n    # print error to STDERR\n    echo \"error: The sandbox is not in sync with the Podfile.lock. Run 'pod install' or update your CocoaPods installation.\" >&2\n    exit 1\nfi\n# This output is used by Xcode 'outputs' to avoid re-running this script phase.\necho \"SUCCESS\" > \"${SCRIPT_OUTPUT_FILE_0}\"\n";
			showEnvVarsInLog = 0;
		};
		9E41021B86FEECF867B9FAA8 /* [CP] Embed Pods Frameworks */ = {
			isa = PBXShellScriptBuildPhase;
			buildActionMask = 2147483647;
			files = (
			);
			inputFileListPaths = (
				"${PODS_ROOT}/Target Support Files/Pods-Towy Driver/Pods-Towy Driver-frameworks-${CONFIGURATION}-input-files.xcfilelist",
			);
			name = "[CP] Embed Pods Frameworks";
			outputFileListPaths = (
				"${PODS_ROOT}/Target Support Files/Pods-Towy Driver/Pods-Towy Driver-frameworks-${CONFIGURATION}-output-files.xcfilelist",
			);
			runOnlyForDeploymentPostprocessing = 0;
			shellPath = /bin/sh;
			shellScript = "\"${PODS_ROOT}/Target Support Files/Pods-Towy Driver/Pods-Towy Driver-frameworks.sh\"\n";
			showEnvVarsInLog = 0;
		};
/* End PBXShellScriptBuildPhase section */

/* Begin PBXSourcesBuildPhase section */
		528305A2285F888400D854A7 /* Sources */ = {
			isa = PBXSourcesBuildPhase;
			buildActionMask = 2147483647;
			files = (
				526642492860700600167A6A /* ForgotPasswordViewController.swift in Sources */,
				52FDC7C328638C260075952C /* TruckTypeTableViewCell.swift in Sources */,
				525361F128620E4C00DE2F4E /* Constants.swift in Sources */,
				526642392860648C00167A6A /* TermsAndConditionsViewController.swift in Sources */,
				52664233286063DC00167A6A /* OtpViewController.swift in Sources */,
				52B69CE8286A32B800BC2FA4 /* ServiceType.swift in Sources */,
				525361F528620E6F00DE2F4E /* UtilityManager.swift in Sources */,
				523D6E2A2861F364006F8117 /* AllExtensions.swift in Sources */,
				5266423D286064DB00167A6A /* AccountTypeViewController.swift in Sources */,
				52FDC7C72863A1D10075952C /* Document.swift in Sources */,
				5266422F286063B300167A6A /* WelcomeViewController.swift in Sources */,
				5266424328606FA200167A6A /* VehicleRegistrationBookViewController.swift in Sources */,
				5266422D28605E6100167A6A /* CustomSplashViewController.swift in Sources */,
				5266424B28607C6000167A6A /* BaseViewController.swift in Sources */,
				52664231286063D300167A6A /* MobileNumberViewController.swift in Sources */,
				5266423B2860649B00167A6A /* AllSetViewController.swift in Sources */,
				5266424728606FF700167A6A /* SignInViewController.swift in Sources */,
				5266424528606FD700167A6A /* WaitForApprovalViewController.swift in Sources */,
				525361F328620E6100DE2F4E /* AllLoaders.swift in Sources */,
				5266423F286064F800167A6A /* TruckTypeViewController.swift in Sources */,
				528305AA285F888400D854A7 /* AppDelegate.swift in Sources */,
				525361F728620EA300DE2F4E /* UIView+layer.swift in Sources */,
				526642412860671B00167A6A /* DocumentsViewController.swift in Sources */,
				52664235286063F400167A6A /* PasswordViewController.swift in Sources */,
				526642372860642300167A6A /* DriverDetailsViewController.swift in Sources */,
				52FDC7C92863A2950075952C /* DocumentAddViewController.swift in Sources */,
			);
			runOnlyForDeploymentPostprocessing = 0;
		};
		528305B8285F888500D854A7 /* Sources */ = {
			isa = PBXSourcesBuildPhase;
			buildActionMask = 2147483647;
			files = (
				528305C1285F888500D854A7 /* Towy_DriverTests.swift in Sources */,
			);
			runOnlyForDeploymentPostprocessing = 0;
		};
		528305C2285F888500D854A7 /* Sources */ = {
			isa = PBXSourcesBuildPhase;
			buildActionMask = 2147483647;
			files = (
				528305CB285F888600D854A7 /* Towy_DriverUITests.swift in Sources */,
				528305CD285F888600D854A7 /* Towy_DriverUITestsLaunchTests.swift in Sources */,
			);
			runOnlyForDeploymentPostprocessing = 0;
		};
/* End PBXSourcesBuildPhase section */

/* Begin PBXTargetDependency section */
		528305BE285F888500D854A7 /* PBXTargetDependency */ = {
			isa = PBXTargetDependency;
			target = 528305A5285F888400D854A7 /* Towy Driver */;
			targetProxy = 528305BD285F888500D854A7 /* PBXContainerItemProxy */;
		};
		528305C8285F888500D854A7 /* PBXTargetDependency */ = {
			isa = PBXTargetDependency;
			target = 528305A5285F888400D854A7 /* Towy Driver */;
			targetProxy = 528305C7285F888500D854A7 /* PBXContainerItemProxy */;
		};
/* End PBXTargetDependency section */

/* Begin PBXVariantGroup section */
		528305AF285F888400D854A7 /* Main.storyboard */ = {
			isa = PBXVariantGroup;
			children = (
				528305B0285F888400D854A7 /* Base */,
			);
			name = Main.storyboard;
			sourceTree = "<group>";
		};
		528305B4285F888500D854A7 /* LaunchScreen.storyboard */ = {
			isa = PBXVariantGroup;
			children = (
				528305B5285F888500D854A7 /* Base */,
			);
			name = LaunchScreen.storyboard;
			sourceTree = "<group>";
		};
/* End PBXVariantGroup section */

/* Begin XCBuildConfiguration section */
		528305CE285F888600D854A7 /* Debug */ = {
			isa = XCBuildConfiguration;
			buildSettings = {
				ALWAYS_SEARCH_USER_PATHS = NO;
				CLANG_ANALYZER_NONNULL = YES;
				CLANG_ANALYZER_NUMBER_OBJECT_CONVERSION = YES_AGGRESSIVE;
				CLANG_CXX_LANGUAGE_STANDARD = "gnu++17";
				CLANG_CXX_LIBRARY = "libc++";
				CLANG_ENABLE_MODULES = YES;
				CLANG_ENABLE_OBJC_ARC = YES;
				CLANG_ENABLE_OBJC_WEAK = YES;
				CLANG_WARN_BLOCK_CAPTURE_AUTORELEASING = YES;
				CLANG_WARN_BOOL_CONVERSION = YES;
				CLANG_WARN_COMMA = YES;
				CLANG_WARN_CONSTANT_CONVERSION = YES;
				CLANG_WARN_DEPRECATED_OBJC_IMPLEMENTATIONS = YES;
				CLANG_WARN_DIRECT_OBJC_ISA_USAGE = YES_ERROR;
				CLANG_WARN_DOCUMENTATION_COMMENTS = YES;
				CLANG_WARN_EMPTY_BODY = YES;
				CLANG_WARN_ENUM_CONVERSION = YES;
				CLANG_WARN_INFINITE_RECURSION = YES;
				CLANG_WARN_INT_CONVERSION = YES;
				CLANG_WARN_NON_LITERAL_NULL_CONVERSION = YES;
				CLANG_WARN_OBJC_IMPLICIT_RETAIN_SELF = YES;
				CLANG_WARN_OBJC_LITERAL_CONVERSION = YES;
				CLANG_WARN_OBJC_ROOT_CLASS = YES_ERROR;
				CLANG_WARN_QUOTED_INCLUDE_IN_FRAMEWORK_HEADER = YES;
				CLANG_WARN_RANGE_LOOP_ANALYSIS = YES;
				CLANG_WARN_STRICT_PROTOTYPES = YES;
				CLANG_WARN_SUSPICIOUS_MOVE = YES;
				CLANG_WARN_UNGUARDED_AVAILABILITY = YES_AGGRESSIVE;
				CLANG_WARN_UNREACHABLE_CODE = YES;
				CLANG_WARN__DUPLICATE_METHOD_MATCH = YES;
				COPY_PHASE_STRIP = NO;
				DEBUG_INFORMATION_FORMAT = dwarf;
				ENABLE_STRICT_OBJC_MSGSEND = YES;
				ENABLE_TESTABILITY = YES;
				GCC_C_LANGUAGE_STANDARD = gnu11;
				GCC_DYNAMIC_NO_PIC = NO;
				GCC_NO_COMMON_BLOCKS = YES;
				GCC_OPTIMIZATION_LEVEL = 0;
				GCC_PREPROCESSOR_DEFINITIONS = (
					"DEBUG=1",
					"$(inherited)",
				);
				GCC_WARN_64_TO_32_BIT_CONVERSION = YES;
				GCC_WARN_ABOUT_RETURN_TYPE = YES_ERROR;
				GCC_WARN_UNDECLARED_SELECTOR = YES;
				GCC_WARN_UNINITIALIZED_AUTOS = YES_AGGRESSIVE;
				GCC_WARN_UNUSED_FUNCTION = YES;
				GCC_WARN_UNUSED_VARIABLE = YES;
				IPHONEOS_DEPLOYMENT_TARGET = 15.0;
				MTL_ENABLE_DEBUG_INFO = INCLUDE_SOURCE;
				MTL_FAST_MATH = YES;
				ONLY_ACTIVE_ARCH = YES;
				SDKROOT = iphoneos;
				SWIFT_ACTIVE_COMPILATION_CONDITIONS = DEBUG;
				SWIFT_OPTIMIZATION_LEVEL = "-Onone";
			};
			name = Debug;
		};
		528305CF285F888600D854A7 /* Release */ = {
			isa = XCBuildConfiguration;
			buildSettings = {
				ALWAYS_SEARCH_USER_PATHS = NO;
				CLANG_ANALYZER_NONNULL = YES;
				CLANG_ANALYZER_NUMBER_OBJECT_CONVERSION = YES_AGGRESSIVE;
				CLANG_CXX_LANGUAGE_STANDARD = "gnu++17";
				CLANG_CXX_LIBRARY = "libc++";
				CLANG_ENABLE_MODULES = YES;
				CLANG_ENABLE_OBJC_ARC = YES;
				CLANG_ENABLE_OBJC_WEAK = YES;
				CLANG_WARN_BLOCK_CAPTURE_AUTORELEASING = YES;
				CLANG_WARN_BOOL_CONVERSION = YES;
				CLANG_WARN_COMMA = YES;
				CLANG_WARN_CONSTANT_CONVERSION = YES;
				CLANG_WARN_DEPRECATED_OBJC_IMPLEMENTATIONS = YES;
				CLANG_WARN_DIRECT_OBJC_ISA_USAGE = YES_ERROR;
				CLANG_WARN_DOCUMENTATION_COMMENTS = YES;
				CLANG_WARN_EMPTY_BODY = YES;
				CLANG_WARN_ENUM_CONVERSION = YES;
				CLANG_WARN_INFINITE_RECURSION = YES;
				CLANG_WARN_INT_CONVERSION = YES;
				CLANG_WARN_NON_LITERAL_NULL_CONVERSION = YES;
				CLANG_WARN_OBJC_IMPLICIT_RETAIN_SELF = YES;
				CLANG_WARN_OBJC_LITERAL_CONVERSION = YES;
				CLANG_WARN_OBJC_ROOT_CLASS = YES_ERROR;
				CLANG_WARN_QUOTED_INCLUDE_IN_FRAMEWORK_HEADER = YES;
				CLANG_WARN_RANGE_LOOP_ANALYSIS = YES;
				CLANG_WARN_STRICT_PROTOTYPES = YES;
				CLANG_WARN_SUSPICIOUS_MOVE = YES;
				CLANG_WARN_UNGUARDED_AVAILABILITY = YES_AGGRESSIVE;
				CLANG_WARN_UNREACHABLE_CODE = YES;
				CLANG_WARN__DUPLICATE_METHOD_MATCH = YES;
				COPY_PHASE_STRIP = NO;
				DEBUG_INFORMATION_FORMAT = "dwarf-with-dsym";
				ENABLE_NS_ASSERTIONS = NO;
				ENABLE_STRICT_OBJC_MSGSEND = YES;
				GCC_C_LANGUAGE_STANDARD = gnu11;
				GCC_NO_COMMON_BLOCKS = YES;
				GCC_WARN_64_TO_32_BIT_CONVERSION = YES;
				GCC_WARN_ABOUT_RETURN_TYPE = YES_ERROR;
				GCC_WARN_UNDECLARED_SELECTOR = YES;
				GCC_WARN_UNINITIALIZED_AUTOS = YES_AGGRESSIVE;
				GCC_WARN_UNUSED_FUNCTION = YES;
				GCC_WARN_UNUSED_VARIABLE = YES;
				IPHONEOS_DEPLOYMENT_TARGET = 15.0;
				MTL_ENABLE_DEBUG_INFO = NO;
				MTL_FAST_MATH = YES;
				SDKROOT = iphoneos;
				SWIFT_COMPILATION_MODE = wholemodule;
				SWIFT_OPTIMIZATION_LEVEL = "-O";
				VALIDATE_PRODUCT = YES;
			};
			name = Release;
		};
		528305D1285F888600D854A7 /* Debug */ = {
			isa = XCBuildConfiguration;
			baseConfigurationReference = 8BA2404C3E34F3EE2F182E2B /* Pods-Towy Driver.debug.xcconfig */;
			buildSettings = {
				ASSETCATALOG_COMPILER_APPICON_NAME = AppIcon;
				ASSETCATALOG_COMPILER_GLOBAL_ACCENT_COLOR_NAME = AccentColor;
				CODE_SIGN_STYLE = Automatic;
				CURRENT_PROJECT_VERSION = 1;
				GENERATE_INFOPLIST_FILE = YES;
				INFOPLIST_FILE = "Towy Driver/Info.plist";
				INFOPLIST_KEY_UIApplicationSupportsIndirectInputEvents = YES;
				INFOPLIST_KEY_UILaunchStoryboardName = LaunchScreen;
				INFOPLIST_KEY_UIMainStoryboardFile = Main;
				INFOPLIST_KEY_UISupportedInterfaceOrientations_iPad = "UIInterfaceOrientationPortrait UIInterfaceOrientationPortraitUpsideDown UIInterfaceOrientationLandscapeLeft UIInterfaceOrientationLandscapeRight";
				INFOPLIST_KEY_UISupportedInterfaceOrientations_iPhone = "UIInterfaceOrientationPortrait UIInterfaceOrientationLandscapeLeft UIInterfaceOrientationLandscapeRight";
				LD_RUNPATH_SEARCH_PATHS = (
					"$(inherited)",
					"@executable_path/Frameworks",
				);
				MARKETING_VERSION = 1.0;
				PRODUCT_BUNDLE_IDENTIFIER = "AIB.Towy-Driver";
				PRODUCT_NAME = "$(TARGET_NAME)";
				SWIFT_EMIT_LOC_STRINGS = YES;
				SWIFT_VERSION = 5.0;
				TARGETED_DEVICE_FAMILY = "1,2";
			};
			name = Debug;
		};
		528305D2285F888600D854A7 /* Release */ = {
			isa = XCBuildConfiguration;
			baseConfigurationReference = E6B6B92893D3A702D8C5F706 /* Pods-Towy Driver.release.xcconfig */;
			buildSettings = {
				ASSETCATALOG_COMPILER_APPICON_NAME = AppIcon;
				ASSETCATALOG_COMPILER_GLOBAL_ACCENT_COLOR_NAME = AccentColor;
				CODE_SIGN_STYLE = Automatic;
				CURRENT_PROJECT_VERSION = 1;
				GENERATE_INFOPLIST_FILE = YES;
				INFOPLIST_FILE = "Towy Driver/Info.plist";
				INFOPLIST_KEY_UIApplicationSupportsIndirectInputEvents = YES;
				INFOPLIST_KEY_UILaunchStoryboardName = LaunchScreen;
				INFOPLIST_KEY_UIMainStoryboardFile = Main;
				INFOPLIST_KEY_UISupportedInterfaceOrientations_iPad = "UIInterfaceOrientationPortrait UIInterfaceOrientationPortraitUpsideDown UIInterfaceOrientationLandscapeLeft UIInterfaceOrientationLandscapeRight";
				INFOPLIST_KEY_UISupportedInterfaceOrientations_iPhone = "UIInterfaceOrientationPortrait UIInterfaceOrientationLandscapeLeft UIInterfaceOrientationLandscapeRight";
				LD_RUNPATH_SEARCH_PATHS = (
					"$(inherited)",
					"@executable_path/Frameworks",
				);
				MARKETING_VERSION = 1.0;
				PRODUCT_BUNDLE_IDENTIFIER = "AIB.Towy-Driver";
				PRODUCT_NAME = "$(TARGET_NAME)";
				SWIFT_EMIT_LOC_STRINGS = YES;
				SWIFT_VERSION = 5.0;
				TARGETED_DEVICE_FAMILY = "1,2";
			};
			name = Release;
		};
		528305D4285F888600D854A7 /* Debug */ = {
			isa = XCBuildConfiguration;
			baseConfigurationReference = FB2FC62B7D63AADD5DD34D90 /* Pods-Towy DriverTests.debug.xcconfig */;
			buildSettings = {
				ALWAYS_EMBED_SWIFT_STANDARD_LIBRARIES = YES;
				BUNDLE_LOADER = "$(TEST_HOST)";
				CODE_SIGN_STYLE = Automatic;
				CURRENT_PROJECT_VERSION = 1;
				GENERATE_INFOPLIST_FILE = YES;
				IPHONEOS_DEPLOYMENT_TARGET = 15.0;
				LD_RUNPATH_SEARCH_PATHS = (
					"$(inherited)",
					"@executable_path/Frameworks",
					"@loader_path/Frameworks",
				);
				MARKETING_VERSION = 1.0;
				PRODUCT_BUNDLE_IDENTIFIER = "AIB.Towy-DriverTests";
				PRODUCT_NAME = "$(TARGET_NAME)";
				SWIFT_EMIT_LOC_STRINGS = NO;
				SWIFT_VERSION = 5.0;
				TARGETED_DEVICE_FAMILY = "1,2";
				TEST_HOST = "$(BUILT_PRODUCTS_DIR)/Towy Driver.app/Towy Driver";
			};
			name = Debug;
		};
		528305D5285F888600D854A7 /* Release */ = {
			isa = XCBuildConfiguration;
			baseConfigurationReference = F1534CC38958B172232EE0D0 /* Pods-Towy DriverTests.release.xcconfig */;
			buildSettings = {
				ALWAYS_EMBED_SWIFT_STANDARD_LIBRARIES = YES;
				BUNDLE_LOADER = "$(TEST_HOST)";
				CODE_SIGN_STYLE = Automatic;
				CURRENT_PROJECT_VERSION = 1;
				GENERATE_INFOPLIST_FILE = YES;
				IPHONEOS_DEPLOYMENT_TARGET = 15.0;
				LD_RUNPATH_SEARCH_PATHS = (
					"$(inherited)",
					"@executable_path/Frameworks",
					"@loader_path/Frameworks",
				);
				MARKETING_VERSION = 1.0;
				PRODUCT_BUNDLE_IDENTIFIER = "AIB.Towy-DriverTests";
				PRODUCT_NAME = "$(TARGET_NAME)";
				SWIFT_EMIT_LOC_STRINGS = NO;
				SWIFT_VERSION = 5.0;
				TARGETED_DEVICE_FAMILY = "1,2";
				TEST_HOST = "$(BUILT_PRODUCTS_DIR)/Towy Driver.app/Towy Driver";
			};
			name = Release;
		};
		528305D7285F888600D854A7 /* Debug */ = {
			isa = XCBuildConfiguration;
			baseConfigurationReference = 5F544903607D2BCB15627A9D /* Pods-Towy Driver-Towy DriverUITests.debug.xcconfig */;
			buildSettings = {
				ALWAYS_EMBED_SWIFT_STANDARD_LIBRARIES = YES;
				CODE_SIGN_STYLE = Automatic;
				CURRENT_PROJECT_VERSION = 1;
				GENERATE_INFOPLIST_FILE = YES;
				LD_RUNPATH_SEARCH_PATHS = (
					"$(inherited)",
					"@executable_path/Frameworks",
					"@loader_path/Frameworks",
				);
				MARKETING_VERSION = 1.0;
				PRODUCT_BUNDLE_IDENTIFIER = "AIB.Towy-DriverUITests";
				PRODUCT_NAME = "$(TARGET_NAME)";
				SWIFT_EMIT_LOC_STRINGS = NO;
				SWIFT_VERSION = 5.0;
				TARGETED_DEVICE_FAMILY = "1,2";
				TEST_TARGET_NAME = "Towy Driver";
			};
			name = Debug;
		};
		528305D8285F888600D854A7 /* Release */ = {
			isa = XCBuildConfiguration;
			baseConfigurationReference = 9178B3008151F57F93D4431F /* Pods-Towy Driver-Towy DriverUITests.release.xcconfig */;
			buildSettings = {
				ALWAYS_EMBED_SWIFT_STANDARD_LIBRARIES = YES;
				CODE_SIGN_STYLE = Automatic;
				CURRENT_PROJECT_VERSION = 1;
				GENERATE_INFOPLIST_FILE = YES;
				LD_RUNPATH_SEARCH_PATHS = (
					"$(inherited)",
					"@executable_path/Frameworks",
					"@loader_path/Frameworks",
				);
				MARKETING_VERSION = 1.0;
				PRODUCT_BUNDLE_IDENTIFIER = "AIB.Towy-DriverUITests";
				PRODUCT_NAME = "$(TARGET_NAME)";
				SWIFT_EMIT_LOC_STRINGS = NO;
				SWIFT_VERSION = 5.0;
				TARGETED_DEVICE_FAMILY = "1,2";
				TEST_TARGET_NAME = "Towy Driver";
			};
			name = Release;
		};
/* End XCBuildConfiguration section */

/* Begin XCConfigurationList section */
		528305A1285F888400D854A7 /* Build configuration list for PBXProject "Towy Driver" */ = {
			isa = XCConfigurationList;
			buildConfigurations = (
				528305CE285F888600D854A7 /* Debug */,
				528305CF285F888600D854A7 /* Release */,
			);
			defaultConfigurationIsVisible = 0;
			defaultConfigurationName = Release;
		};
		528305D0285F888600D854A7 /* Build configuration list for PBXNativeTarget "Towy Driver" */ = {
			isa = XCConfigurationList;
			buildConfigurations = (
				528305D1285F888600D854A7 /* Debug */,
				528305D2285F888600D854A7 /* Release */,
			);
			defaultConfigurationIsVisible = 0;
			defaultConfigurationName = Release;
		};
		528305D3285F888600D854A7 /* Build configuration list for PBXNativeTarget "Towy DriverTests" */ = {
			isa = XCConfigurationList;
			buildConfigurations = (
				528305D4285F888600D854A7 /* Debug */,
				528305D5285F888600D854A7 /* Release */,
			);
			defaultConfigurationIsVisible = 0;
			defaultConfigurationName = Release;
		};
		528305D6285F888600D854A7 /* Build configuration list for PBXNativeTarget "Towy DriverUITests" */ = {
			isa = XCConfigurationList;
			buildConfigurations = (
				528305D7285F888600D854A7 /* Debug */,
				528305D8285F888600D854A7 /* Release */,
			);
			defaultConfigurationIsVisible = 0;
			defaultConfigurationName = Release;
		};
/* End XCConfigurationList section */
	};
	rootObject = 5283059E285F888400D854A7 /* Project object */;
}
